
Microsoft Visual Studio Solution File, Format Version 12.00
# Visual Studio 14
VisualStudioVersion = 14.0.24720.0
MinimumVisualStudioVersion = 10.0.40219.1
Project("{2150E333-8FDC-42A3-9474-1A3956D46DE8}") = "Solution Items", "Solution Items", "{46AAF8C6-2AF3-4A19-882E-B47A4BD7D8F6}"
	ProjectSection(SolutionItems) = preProject
		License.txt = License.txt
	EndProjectSection
EndProject
Project("{FAE04EC0-301F-11D3-BF4B-00C04F79EFBC}") = "MVCAdventure", "MVCAdventure\MVCAdventure.csproj", "{3375BC0A-BEE5-4466-936D-8C11325C80B0}"
EndProject
Project("{FAE04EC0-301F-11D3-BF4B-00C04F79EFBC}") = "EFAdventure", "EFAdventure\EFAdventure.csproj", "{FB1D74C8-F555-416C-AF17-D7FECB8051DE}"
EndProject
Global
	GlobalSection(SolutionConfigurationPlatforms) = preSolution
		Debug|Any CPU = Debug|Any CPU
		Release|Any CPU = Release|Any CPU
	EndGlobalSection
	GlobalSection(ProjectConfigurationPlatforms) = postSolution
		{3375BC0A-BEE5-4466-936D-8C11325C80B0}.Debug|Any CPU.ActiveCfg = Debug|Any CPU
		{3375BC0A-BEE5-4466-936D-8C11325C80B0}.Debug|Any CPU.Build.0 = Debug|Any CPU
		{3375BC0A-BEE5-4466-936D-8C11325C80B0}.Release|Any CPU.ActiveCfg = Release|Any CPU
		{3375BC0A-BEE5-4466-936D-8C11325C80B0}.Release|Any CPU.Build.0 = Release|Any CPU
		{FB1D74C8-F555-416C-AF17-D7FECB8051DE}.Debug|Any CPU.ActiveCfg = Debug|Any CPU
		{FB1D74C8-F555-416C-AF17-D7FECB8051DE}.Debug|Any CPU.Build.0 = Debug|Any CPU
		{FB1D74C8-F555-416C-AF17-D7FECB8051DE}.Release|Any CPU.ActiveCfg = Release|Any CPU
		{FB1D74C8-F555-416C-AF17-D7FECB8051DE}.Release|Any CPU.Build.0 = Release|Any CPU
	EndGlobalSection
	GlobalSection(SolutionProperties) = preSolution
		HideSolutionNode = FALSE
	EndGlobalSection
EndGlobal
